{
  "name": "CRMGallery",
  "lockfileVersion": 3,
  "requires": true,
  "packages": {
    "": {
      "dependencies": {
        "inputmask": "^5.0.8",
        "jquerry": "^0.0.1-security",
        "jquery": "^3.7.1"
      }
    },
    "node_modules/inputmask": {
      "version": "5.0.8",
      "resolved": "https://registry.npmjs.org/inputmask/-/inputmask-5.0.8.tgz",
      "integrity": "sha512-1WcbyudPTXP1B28ozWWyFa6QRIUG4KiLoyR6LFHlpT4OfTzRqFfWgHFadNvRuMN1S9XNVz9CdNvCGjJi+uAMqQ=="
    },
    "node_modules/jquerry": {
      "version": "0.0.1-security",
      "resolved": "https://registry.npmjs.org/jquerry/-/jquerry-0.0.1-security.tgz",
      "integrity": "sha512-6/x0OFGLte1tqTnInZ0foNjR/hCsNnfkNg7T1vxiCKSLObPbSF4EoswifsUdHiXBvQ/F60uILQGlfvjT0x3NSg=="
    },
    "node_modules/jquery": {
      "version": "3.7.1",
      "resolved": "https://registry.npmjs.org/jquery/-/jquery-3.7.1.tgz",
      "integrity": "sha512-m4avr8yL8kmFN8psrbFFFmB/If14iN5o9nw/NgnnM+kybDJpRsAynV2BsfpTYrTRysYUdADVD7CkUUizgkpLfg=="
    }
  }
}
